version = 1
revision = 3
requires-python = ">=3.13"

[[package]]
name = "faker"
version = "40.39.0"
source = { registry = "https://pypi.org/simple" }
dependencies = [
    { name = "tzdata", marker = "sys_platform == 'win32'" },
]
sdist = { url = "https://files.pythonhosted.org/packages/6d/62/fea935af7a312f073c99d470b05a7c96650ee8d9562ce82e8cb7ee4c1247/faker-40.39.0.tar.gz", hash = "sha256:52799ad96fcf92aab2fc96a9e03869bbf1a634300f7cd91c38dbfd51f639f6fa", size = 2029463, upload-time = "2026-09-14T16:50:17.939Z" }
wheels = [
    { url = "https://files.pythonhosted.org/packages/45/c8/901282279841ebb59216433be01aac825fb905e1a597de3b7b5ab8b0c43e/faker-40.39.0-py3-none-any.whl", hash = "sha256:c4c7ec2cddfaf602c5a8a2c960614946aa8c161250bd9d49a8846cd24d1ef028", size = 2066232, upload-time = "2026-09-14T16:50:16.061Z" },
]

[[package]]
name = "tzdata"
version = "2026.4"
source = { registry = "https://pypi.org/simple" }
sdist = { url = "https://files.pythonhosted.org/packages/e4/31/3d74fa778a63b98b7374323befcc0be5ab3bd94afd4096a0124e7379152c/tzdata-2026.4.tar.gz", hash = "sha256:f1b8bd365d8d210c55353f4d7f8d6d8561c0ba50d704b700d195a9424bba0d79", size = 199350, upload-time = "2026-09-12T12:56:03.251Z" }
wheels = [
    { url = "https://files.pythonhosted.org/packages/f9/bc/8737e8d54cf51106118039b83f485a4783112fab49ea9d044b234978a46e/tzdata-2026.4-py2.py3-none-any.whl", hash = "sha256:c2169a8b0a7a5e9674da5a135ccdfb2b3e671b333ed9fed17b41f73c34476e81", size = 347494, upload-time = "2026-09-12T12:56:01.67Z" },
]

[[package]]
name = "work"
version = "0.1.0"
source = { editable = "." }
dependencies = [
    { name = "faker" },
]

[package.metadata]
requires-dist = [{ name = "faker", specifier = ">=40.39.0" }]
